{
  "name": "integration-tests",
  "version": "0.0.1",
  "lockfileVersion": 1,
  "requires": true,
  "dependencies": {
    "clefs": {
      "version": "0.0.1",
      "dev": true
    },
    "clefs-fs": {
      "version": "0.0.1",
      "dev": true,
      "requires": {
        "promisify-node": "0.4.0"
      },
      "dependencies": {
        "asap": {
          "version": "2.0.5",
          "bundled": true,
          "dev": true
        },
        "nodegit-promise": {
          "version": "4.0.0",
          "bundled": true,
          "dev": true,
          "requires": {
            "asap": "2.0.5"
          }
        },
        "object-assign": {
          "version": "4.1.0",
          "bundled": true,
          "dev": true
        },
        "promisify-node": {
          "version": "0.4.0",
          "bundled": true,
          "dev": true,
          "requires": {
            "nodegit-promise": "4.0.0",
            "object-assign": "4.1.0"
          }
        }
      }
    },
    "clefs-googledrive": {
      "version": "0.0.1",
      "dev": true
    },
    "clefs-simpleobject": {
      "version": "0.0.1",
      "dev": true
    }
  }
}
